
Microsoft Visual Studio Solution File, Format Version 12.00
# Visual Studio 15
VisualStudioVersion = 15.0.27130.2027
MinimumVisualStudioVersion = 10.0.40219.1
Project("{FAE04EC0-301F-11D3-BF4B-00C04F79EFBC}") = "PharmaCare", "PharmaCare\PharmaCare.csproj", "{7D51E0FA-3693-40AD-9625-E71E40B77A47}"
EndProject
Project("{54435603-DBB4-11D2-8724-00A0C9A8B90C}") = "PharmaCareDeploy", "PharmaCareDeploy\PharmaCareDeploy.vdproj", "{DD92D553-0D66-4FCF-B7B5-9B74D7232649}"
EndProject
Global
	GlobalSection(SolutionConfigurationPlatforms) = preSolution
		Debug|Any CPU = Debug|Any CPU
		Release|Any CPU = Release|Any CPU
	EndGlobalSection
	GlobalSection(ProjectConfigurationPlatforms) = postSolution
		{7D51E0FA-3693-40AD-9625-E71E40B77A47}.Debug|Any CPU.ActiveCfg = Debug|Any CPU
		{7D51E0FA-3693-40AD-9625-E71E40B77A47}.Debug|Any CPU.Build.0 = Debug|Any CPU
		{7D51E0FA-3693-40AD-9625-E71E40B77A47}.Release|Any CPU.ActiveCfg = Release|Any CPU
		{7D51E0FA-3693-40AD-9625-E71E40B77A47}.Release|Any CPU.Build.0 = Release|Any CPU
		{DD92D553-0D66-4FCF-B7B5-9B74D7232649}.Debug|Any CPU.ActiveCfg = Debug
		{DD92D553-0D66-4FCF-B7B5-9B74D7232649}.Release|Any CPU.ActiveCfg = Release
	EndGlobalSection
	GlobalSection(SolutionProperties) = preSolution
		HideSolutionNode = FALSE
	EndGlobalSection
	GlobalSection(ExtensibilityGlobals) = postSolution
		SolutionGuid = {851F4E21-A739-477A-97AC-FF1B5BF81C29}
	EndGlobalSection
EndGlobal
